
Microsoft Visual Studio Solution File, Format Version 12.00
# Visual Studio Version 17
VisualStudioVersion = 17.9.34622.214
MinimumVisualStudioVersion = 10.0.40219.1
Project("{FAE04EC0-301F-11D3-BF4B-00C04F79EFBC}") = "IELTS-assistant.WebAPI", "IELTS-assistant\IELTS-assistant.WebAPI.csproj", "{661D5C03-D86B-4E35-8709-23BE428378EA}"
EndProject
Global
	GlobalSection(SolutionConfigurationPlatforms) = preSolution
		Debug|Any CPU = Debug|Any CPU
		Release|Any CPU = Release|Any CPU
	EndGlobalSection
	GlobalSection(ProjectConfigurationPlatforms) = postSolution
		{661D5C03-D86B-4E35-8709-23BE428378EA}.Debug|Any CPU.ActiveCfg = Debug|Any CPU
		{661D5C03-D86B-4E35-8709-23BE428378EA}.Debug|Any CPU.Build.0 = Debug|Any CPU
		{661D5C03-D86B-4E35-8709-23BE428378EA}.Release|Any CPU.ActiveCfg = Release|Any CPU
		{661D5C03-D86B-4E35-8709-23BE428378EA}.Release|Any CPU.Build.0 = Release|Any CPU
	EndGlobalSection
	GlobalSection(SolutionProperties) = preSolution
		HideSolutionNode = FALSE
	EndGlobalSection
	GlobalSection(ExtensibilityGlobals) = postSolution
		SolutionGuid = {35B53F65-4D2D-495B-8028-1E471C80B0D2}
	EndGlobalSection
EndGlobal
