
Microsoft Visual Studio Solution File, Format Version 12.00
# Visual Studio Version 17
VisualStudioVersion = 17.9.34728.123
MinimumVisualStudioVersion = 10.0.40219.1
Project("{FAE04EC0-301F-11D3-BF4B-00C04F79EFBC}") = "IELTS-assistant", "IELTS-assistant\IELTS-assistant.csproj", "{92BD8610-B8A8-4C8D-995C-8085D21D886E}"
EndProject
Global
	GlobalSection(SolutionConfigurationPlatforms) = preSolution
		Debug|Any CPU = Debug|Any CPU
		Release|Any CPU = Release|Any CPU
	EndGlobalSection
	GlobalSection(ProjectConfigurationPlatforms) = postSolution
		{92BD8610-B8A8-4C8D-995C-8085D21D886E}.Debug|Any CPU.ActiveCfg = Debug|Any CPU
		{92BD8610-B8A8-4C8D-995C-8085D21D886E}.Debug|Any CPU.Build.0 = Debug|Any CPU
		{92BD8610-B8A8-4C8D-995C-8085D21D886E}.Release|Any CPU.ActiveCfg = Release|Any CPU
		{92BD8610-B8A8-4C8D-995C-8085D21D886E}.Release|Any CPU.Build.0 = Release|Any CPU
	EndGlobalSection
	GlobalSection(SolutionProperties) = preSolution
		HideSolutionNode = FALSE
	EndGlobalSection
	GlobalSection(ExtensibilityGlobals) = postSolution
		SolutionGuid = {235D6ACF-3EB6-4FA5-9C7E-C4045CAE466E}
	EndGlobalSection
EndGlobal
